
Microsoft Visual Studio Solution File, Format Version 12.00
# Visual Studio Version 16
VisualStudioVersion = 16.0.28621.142
MinimumVisualStudioVersion = 10.0.40219.1
Project("{FAE04EC0-301F-11D3-BF4B-00C04F79EFBC}") = "RepairWorkSoftwareModel", "RepairWorkSoftwareModel\RepairWorkSoftwareModel.csproj", "{5C176074-2378-463D-8526-5610E698B816}"
EndProject
Project("{FAE04EC0-301F-11D3-BF4B-00C04F79EFBC}") = "RepairWorkSoftwareDAL", "RepairWorkSoftwareDAL\RepairWorkSoftwareDAL.csproj", "{9426B4FB-7198-48E2-94F3-FA5499AB5A61}"
EndProject
Project("{FAE04EC0-301F-11D3-BF4B-00C04F79EFBC}") = "RepairWorkSoftwareServiceImplementList", "RepairWorkSoftwareServiceImplementList\RepairWorkSoftwareServiceImplementList.csproj", "{DE977E0D-7755-4FA3-BE06-65B9D5DC4A90}"
EndProject
Project("{FAE04EC0-301F-11D3-BF4B-00C04F79EFBC}") = "RepairWorkSoftwareView", "RepairWorkSoftwareView\RepairWorkSoftwareView.csproj", "{6DA73C82-612A-48D6-BC30-237BF50E23C3}"
EndProject
Project("{FAE04EC0-301F-11D3-BF4B-00C04F79EFBC}") = "RepairWorkSoftwareWeb", "RepairWorkSoftwareWeb\RepairWorkSoftwareWeb.csproj", "{A3E0E809-39E6-40C9-8EC1-626654133BF3}"
EndProject
Global
	GlobalSection(SolutionConfigurationPlatforms) = preSolution
		Debug|Any CPU = Debug|Any CPU
		Release|Any CPU = Release|Any CPU
	EndGlobalSection
	GlobalSection(ProjectConfigurationPlatforms) = postSolution
		{5C176074-2378-463D-8526-5610E698B816}.Debug|Any CPU.ActiveCfg = Debug|Any CPU
		{5C176074-2378-463D-8526-5610E698B816}.Debug|Any CPU.Build.0 = Debug|Any CPU
		{5C176074-2378-463D-8526-5610E698B816}.Release|Any CPU.ActiveCfg = Release|Any CPU
		{5C176074-2378-463D-8526-5610E698B816}.Release|Any CPU.Build.0 = Release|Any CPU
		{9426B4FB-7198-48E2-94F3-FA5499AB5A61}.Debug|Any CPU.ActiveCfg = Debug|Any CPU
		{9426B4FB-7198-48E2-94F3-FA5499AB5A61}.Debug|Any CPU.Build.0 = Debug|Any CPU
		{9426B4FB-7198-48E2-94F3-FA5499AB5A61}.Release|Any CPU.ActiveCfg = Release|Any CPU
		{9426B4FB-7198-48E2-94F3-FA5499AB5A61}.Release|Any CPU.Build.0 = Release|Any CPU
		{DE977E0D-7755-4FA3-BE06-65B9D5DC4A90}.Debug|Any CPU.ActiveCfg = Debug|Any CPU
		{DE977E0D-7755-4FA3-BE06-65B9D5DC4A90}.Debug|Any CPU.Build.0 = Debug|Any CPU
		{DE977E0D-7755-4FA3-BE06-65B9D5DC4A90}.Release|Any CPU.ActiveCfg = Release|Any CPU
		{DE977E0D-7755-4FA3-BE06-65B9D5DC4A90}.Release|Any CPU.Build.0 = Release|Any CPU
		{6DA73C82-612A-48D6-BC30-237BF50E23C3}.Debug|Any CPU.ActiveCfg = Debug|Any CPU
		{6DA73C82-612A-48D6-BC30-237BF50E23C3}.Debug|Any CPU.Build.0 = Debug|Any CPU
		{6DA73C82-612A-48D6-BC30-237BF50E23C3}.Release|Any CPU.ActiveCfg = Release|Any CPU
		{6DA73C82-612A-48D6-BC30-237BF50E23C3}.Release|Any CPU.Build.0 = Release|Any CPU
		{A3E0E809-39E6-40C9-8EC1-626654133BF3}.Debug|Any CPU.ActiveCfg = Debug|Any CPU
		{A3E0E809-39E6-40C9-8EC1-626654133BF3}.Debug|Any CPU.Build.0 = Debug|Any CPU
		{A3E0E809-39E6-40C9-8EC1-626654133BF3}.Release|Any CPU.ActiveCfg = Release|Any CPU
		{A3E0E809-39E6-40C9-8EC1-626654133BF3}.Release|Any CPU.Build.0 = Release|Any CPU
	EndGlobalSection
	GlobalSection(SolutionProperties) = preSolution
		HideSolutionNode = FALSE
	EndGlobalSection
	GlobalSection(ExtensibilityGlobals) = postSolution
		SolutionGuid = {985F57B4-F58D-42A2-BD7B-1A3066AA1F7F}
	EndGlobalSection
EndGlobal
